PODS:
  - Flutter (1.0.0)
  - flutter_secure_storage_darwin (10.0.0):
    - Flutter
    - FlutterMacOS
  - package_info_plus (0.4.5):
    - Flutter
  - Sentry/HybridSDK (8.58.4)
  - sentry_flutter (9.27.0):
    - Flutter
    - FlutterMacOS
    - Sentry/HybridSDK (= 8.58.4)

DEPENDENCIES:
  - Flutter (from `Flutter`)
  - flutter_secure_storage_darwin (from `.symlinks/plugins/flutter_secure_storage_darwin/darwin`)
  - package_info_plus (from `.symlinks/plugins/package_info_plus/ios`)
  - sentry_flutter (from `.symlinks/plugins/sentry_flutter/ios`)

SPEC REPOS:
  trunk:
    - Sentry

EXTERNAL SOURCES:
  Flutter:
    :path: Flutter
  flutter_secure_storage_darwin:
    :path: ".symlinks/plugins/flutter_secure_storage_darwin/darwin"
  package_info_plus:
    :path: ".symlinks/plugins/package_info_plus/ios"
  sentry_flutter:
    :path: ".symlinks/plugins/sentry_flutter/ios"

SPEC CHECKSUMS:
  Flutter: 71a624a5bc0c04062bf19101d501e466baf2fb47
  flutter_secure_storage_darwin: 557817588b80e60213cbecb573c45c76b788018d
  package_info_plus: c0502532a26c7662a62a356cebe2692ec5fe4ec4
  Sentry: 5321d74bdd28d6f6f8beaa1ca06f1fdc746bff49
  sentry_flutter: ca7539c55bfed61510640707047517bdb24d2e38

PODFILE CHECKSUM: 3ba3a73b1b12adcf321a227a745625fe0888cc82

COCOAPODS: 1.16.2
